// !$*UTF8*$!
{
	archiveVersion = 1;
	classes = {
	};
	objectVersion = 56;
	objects = {

/* Begin PBXBuildFile section */
		AA1CEE102BB6A26000801892 /* SoundManager.swift in Sources */ = {isa = PBXBuildFile; fileRef = AA1CEE0F2BB6A26000801892 /* SoundManager.swift */; };
		AA29AFD92BB9FE670074B875 /* TimeManager.swift in Sources */ = {isa = PBXBuildFile; fileRef = AA29AFD82BB9FE670074B875 /* TimeManager.swift */; };
		AA29AFDD2BBA091A0074B875 /* level1.txt in Resources */ = {isa = PBXBuildFile; fileRef = AA29AFDC2BBA091A0074B875 /* level1.txt */; };
		AA29AFDF2BBA13830074B875 /* MapLoader.swift in Sources */ = {isa = PBXBuildFile; fileRef = AA29AFDE2BBA13820074B875 /* MapLoader.swift */; };
		AA29AFE12BBA13AC0074B875 /* Map.swift in Sources */ = {isa = PBXBuildFile; fileRef = AA29AFE02BBA13AC0074B875 /* Map.swift */; };
		AA29AFE32BBA50260074B875 /* SandManager.swift in Sources */ = {isa = PBXBuildFile; fileRef = AA29AFE22BBA50260074B875 /* SandManager.swift */; };
		AA3BD4D52BB8BF610003BF48 /* sand-short.mp3 in Resources */ = {isa = PBXBuildFile; fileRef = AA3BD4D32BB8BF610003BF48 /* sand-short.mp3 */; };
		AA3BD4D62BB8BF610003BF48 /* sand-medium.mp3 in Resources */ = {isa = PBXBuildFile; fileRef = AA3BD4D42BB8BF610003BF48 /* sand-medium.mp3 */; };
		AA3BD4D82BB8C3C40003BF48 /* Constants.swift in Sources */ = {isa = PBXBuildFile; fileRef = AA3BD4D72BB8C3C40003BF48 /* Constants.swift */; };
		AA5B5BB62BA96C3500FEC448 /* SquareView.swift in Sources */ = {isa = PBXBuildFile; fileRef = AA5B5BB52BA96C3500FEC448 /* SquareView.swift */; };
		AA5B5BB82BAE967400FEC448 /* GameView.swift in Sources */ = {isa = PBXBuildFile; fileRef = AA5B5BB72BAE967400FEC448 /* GameView.swift */; };
		AA5B5BBA2BAE9DCC00FEC448 /* Extensions.swift in Sources */ = {isa = PBXBuildFile; fileRef = AA5B5BB92BAE9DCC00FEC448 /* Extensions.swift */; };
		AA5B5BBC2BAE9EA700FEC448 /* Coordinates.swift in Sources */ = {isa = PBXBuildFile; fileRef = AA5B5BBB2BAE9EA700FEC448 /* Coordinates.swift */; };
		AA9572802BA827BF0001BBB5 /* PuzzleGameApp.swift in Sources */ = {isa = PBXBuildFile; fileRef = AA95727F2BA827BF0001BBB5 /* PuzzleGameApp.swift */; };
		AA9572822BA827BF0001BBB5 /* ContentView.swift in Sources */ = {isa = PBXBuildFile; fileRef = AA9572812BA827BF0001BBB5 /* ContentView.swift */; };
		AA9572842BA827BF0001BBB5 /* Item.swift in Sources */ = {isa = PBXBuildFile; fileRef = AA9572832BA827BF0001BBB5 /* Item.swift */; };
		AA9572862BA827C00001BBB5 /* Assets.xcassets in Resources */ = {isa = PBXBuildFile; fileRef = AA9572852BA827C00001BBB5 /* Assets.xcassets */; };
		AA9572892BA827C00001BBB5 /* Preview Assets.xcassets in Resources */ = {isa = PBXBuildFile; fileRef = AA9572882BA827C00001BBB5 /* Preview Assets.xcassets */; };
		AABE86192BB0A0A200E7B744 /* Square.swift in Sources */ = {isa = PBXBuildFile; fileRef = AABE86182BB0A0A200E7B744 /* Square.swift */; };
		AABE861B2BB0A23B00E7B744 /* SquareManager.swift in Sources */ = {isa = PBXBuildFile; fileRef = AABE861A2BB0A23B00E7B744 /* SquareManager.swift */; };
		AABE861D2BB0A7E400E7B744 /* SandView.swift in Sources */ = {isa = PBXBuildFile; fileRef = AABE861C2BB0A7E400E7B744 /* SandView.swift */; };
/* End PBXBuildFile section */

/* Begin PBXFileReference section */
		AA1CEE0F2BB6A26000801892 /* SoundManager.swift */ = {isa = PBXFileReference; lastKnownFileType = sourcecode.swift; path = SoundManager.swift; sourceTree = "<group>"; };
		AA29AFD82BB9FE670074B875 /* TimeManager.swift */ = {isa = PBXFileReference; lastKnownFileType = sourcecode.swift; path = TimeManager.swift; sourceTree = "<group>"; };
		AA29AFDC2BBA091A0074B875 /* level1.txt */ = {isa = PBXFileReference; lastKnownFileType = text; path = level1.txt; sourceTree = "<group>"; };
		AA29AFDE2BBA13820074B875 /* MapLoader.swift */ = {isa = PBXFileReference; lastKnownFileType = sourcecode.swift; path = MapLoader.swift; sourceTree = "<group>"; };
		AA29AFE02BBA13AC0074B875 /* Map.swift */ = {isa = PBXFileReference; lastKnownFileType = sourcecode.swift; path = Map.swift; sourceTree = "<group>"; };
		AA29AFE22BBA50260074B875 /* SandManager.swift */ = {isa = PBXFileReference; lastKnownFileType = sourcecode.swift; path = SandManager.swift; sourceTree = "<group>"; };
		AA3BD4D32BB8BF610003BF48 /* sand-short.mp3 */ = {isa = PBXFileReference; lastKnownFileType = audio.mp3; path = "sand-short.mp3"; sourceTree = "<group>"; };
		AA3BD4D42BB8BF610003BF48 /* sand-medium.mp3 */ = {isa = PBXFileReference; lastKnownFileType = audio.mp3; path = "sand-medium.mp3"; sourceTree = "<group>"; };
		AA3BD4D72BB8C3C40003BF48 /* Constants.swift */ = {isa = PBXFileReference; lastKnownFileType = sourcecode.swift; path = Constants.swift; sourceTree = "<group>"; };
		AA5B5BB52BA96C3500FEC448 /* SquareView.swift */ = {isa = PBXFileReference; lastKnownFileType = sourcecode.swift; path = SquareView.swift; sourceTree = "<group>"; };
		AA5B5BB72BAE967400FEC448 /* GameView.swift */ = {isa = PBXFileReference; lastKnownFileType = sourcecode.swift; path = GameView.swift; sourceTree = "<group>"; };
		AA5B5BB92BAE9DCC00FEC448 /* Extensions.swift */ = {isa = PBXFileReference; lastKnownFileType = sourcecode.swift; path = Extensions.swift; sourceTree = "<group>"; };
		AA5B5BBB2BAE9EA700FEC448 /* Coordinates.swift */ = {isa = PBXFileReference; lastKnownFileType = sourcecode.swift; path = Coordinates.swift; sourceTree = "<group>"; };
		AA95727C2BA827BF0001BBB5 /* PuzzleGame.app */ = {isa = PBXFileReference; explicitFileType = wrapper.application; includeInIndex = 0; path = PuzzleGame.app; sourceTree = BUILT_PRODUCTS_DIR; };
		AA95727F2BA827BF0001BBB5 /* PuzzleGameApp.swift */ = {isa = PBXFileReference; lastKnownFileType = sourcecode.swift; path = PuzzleGameApp.swift; sourceTree = "<group>"; };
		AA9572812BA827BF0001BBB5 /* ContentView.swift */ = {isa = PBXFileReference; lastKnownFileType = sourcecode.swift; path = ContentView.swift; sourceTree = "<group>"; };
		AA9572832BA827BF0001BBB5 /* Item.swift */ = {isa = PBXFileReference; lastKnownFileType = sourcecode.swift; path = Item.swift; sourceTree = "<group>"; };
		AA9572852BA827C00001BBB5 /* Assets.xcassets */ = {isa = PBXFileReference; lastKnownFileType = folder.assetcatalog; path = Assets.xcassets; sourceTree = "<group>"; };
		AA9572882BA827C00001BBB5 /* Preview Assets.xcassets */ = {isa = PBXFileReference; lastKnownFileType = folder.assetcatalog; path = "Preview Assets.xcassets"; sourceTree = "<group>"; };
		AABE86182BB0A0A200E7B744 /* Square.swift */ = {isa = PBXFileReference; lastKnownFileType = sourcecode.swift; path = Square.swift; sourceTree = "<group>"; };
		AABE861A2BB0A23B00E7B744 /* SquareManager.swift */ = {isa = PBXFileReference; lastKnownFileType = sourcecode.swift; path = SquareManager.swift; sourceTree = "<group>"; };
		AABE861C2BB0A7E400E7B744 /* SandView.swift */ = {isa = PBXFileReference; lastKnownFileType = sourcecode.swift; path = SandView.swift; sourceTree = "<group>"; };
/* End PBXFileReference section */

/* Begin PBXFrameworksBuildPhase section */
		AA9572792BA827BE0001BBB5 /* Frameworks */ = {
			isa = PBXFrameworksBuildPhase;
			buildActionMask = 2147483647;
			files = (
			);
			runOnlyForDeploymentPostprocessing = 0;
		};
/* End PBXFrameworksBuildPhase section */

/* Begin PBXGroup section */
		AA29AFD22BB9FB170074B875 /* Managers */ = {
			isa = PBXGroup;
			children = (
				AA1CEE0F2BB6A26000801892 /* SoundManager.swift */,
				AA29AFD82BB9FE670074B875 /* TimeManager.swift */,
				AA29AFE22BBA50260074B875 /* SandManager.swift */,
				AABE861A2BB0A23B00E7B744 /* SquareManager.swift */,
				AA29AFDE2BBA13820074B875 /* MapLoader.swift */,
			);
			path = Managers;
			sourceTree = "<group>";
		};
		AA29AFD32BB9FB1C0074B875 /* Views */ = {
			isa = PBXGroup;
			children = (
				AA5B5BB52BA96C3500FEC448 /* SquareView.swift */,
				AABE861C2BB0A7E400E7B744 /* SandView.swift */,
				AA5B5BB72BAE967400FEC448 /* GameView.swift */,
				AA9572812BA827BF0001BBB5 /* ContentView.swift */,
			);
			path = Views;
			sourceTree = "<group>";
		};
		AA29AFD42BB9FB2B0074B875 /* Models */ = {
			isa = PBXGroup;
			children = (
				AABE86182BB0A0A200E7B744 /* Square.swift */,
				AA5B5BBB2BAE9EA700FEC448 /* Coordinates.swift */,
				AA29AFE02BBA13AC0074B875 /* Map.swift */,
			);
			path = Models;
			sourceTree = "<group>";
		};
		AA29AFD52BB9FB520074B875 /* DeleteLaterProbably */ = {
			isa = PBXGroup;
			children = (
				AA9572832BA827BF0001BBB5 /* Item.swift */,
			);
			path = DeleteLaterProbably;
			sourceTree = "<group>";
		};
		AA29AFD62BB9FB6A0074B875 /* Assets */ = {
			isa = PBXGroup;
			children = (
				AA9572852BA827C00001BBB5 /* Assets.xcassets */,
				AA3BD4D22BB8BF180003BF48 /* SoundFiles */,
				AA9572872BA827C00001BBB5 /* Preview Content */,
			);
			path = Assets;
			sourceTree = "<group>";
		};
		AA29AFD72BB9FBA40074B875 /* Overarching */ = {
			isa = PBXGroup;
			children = (
				AA95727F2BA827BF0001BBB5 /* PuzzleGameApp.swift */,
				AA5B5BB92BAE9DCC00FEC448 /* Extensions.swift */,
				AA3BD4D72BB8C3C40003BF48 /* Constants.swift */,
			);
			path = Overarching;
			sourceTree = "<group>";
		};
		AA29AFDB2BBA08C30074B875 /* Levels */ = {
			isa = PBXGroup;
			children = (
				AA29AFDC2BBA091A0074B875 /* level1.txt */,
			);
			path = Levels;
			sourceTree = "<group>";
		};
		AA3BD4D22BB8BF180003BF48 /* SoundFiles */ = {
			isa = PBXGroup;
			children = (
				AA3BD4D42BB8BF610003BF48 /* sand-medium.mp3 */,
				AA3BD4D32BB8BF610003BF48 /* sand-short.mp3 */,
			);
			path = SoundFiles;
			sourceTree = "<group>";
		};
		AA9572732BA827BE0001BBB5 = {
			isa = PBXGroup;
			children = (
				AA95727E2BA827BF0001BBB5 /* PuzzleGame */,
				AA95727D2BA827BF0001BBB5 /* Products */,
			);
			sourceTree = "<group>";
		};
		AA95727D2BA827BF0001BBB5 /* Products */ = {
			isa = PBXGroup;
			children = (
				AA95727C2BA827BF0001BBB5 /* PuzzleGame.app */,
			);
			name = Products;
			sourceTree = "<group>";
		};
		AA95727E2BA827BF0001BBB5 /* PuzzleGame */ = {
			isa = PBXGroup;
			children = (
				AA29AFD32BB9FB1C0074B875 /* Views */,
				AA29AFD22BB9FB170074B875 /* Managers */,
				AA29AFD72BB9FBA40074B875 /* Overarching */,
				AA29AFDB2BBA08C30074B875 /* Levels */,
				AA29AFD42BB9FB2B0074B875 /* Models */,
				AA29AFD62BB9FB6A0074B875 /* Assets */,
				AA29AFD52BB9FB520074B875 /* DeleteLaterProbably */,
			);
			path = PuzzleGame;
			sourceTree = "<group>";
		};
		AA9572872BA827C00001BBB5 /* Preview Content */ = {
			isa = PBXGroup;
			children = (
				AA9572882BA827C00001BBB5 /* Preview Assets.xcassets */,
			);
			path = "Preview Content";
			sourceTree = "<group>";
		};
/* End PBXGroup section */

/* Begin PBXNativeTarget section */
		AA95727B2BA827BE0001BBB5 /* PuzzleGame */ = {
			isa = PBXNativeTarget;
			buildConfigurationList = AA95728C2BA827C00001BBB5 /* Build configuration list for PBXNativeTarget "PuzzleGame" */;
			buildPhases = (
				AA9572782BA827BE0001BBB5 /* Sources */,
				AA9572792BA827BE0001BBB5 /* Frameworks */,
				AA95727A2BA827BE0001BBB5 /* Resources */,
			);
			buildRules = (
			);
			dependencies = (
			);
			name = PuzzleGame;
			productName = PuzzleGame;
			productReference = AA95727C2BA827BF0001BBB5 /* PuzzleGame.app */;
			productType = "com.apple.product-type.application";
		};
/* End PBXNativeTarget section */

/* Begin PBXProject section */
		AA9572742BA827BE0001BBB5 /* Project object */ = {
			isa = PBXProject;
			attributes = {
				BuildIndependentTargetsInParallel = 1;
				LastSwiftUpdateCheck = 1520;
				LastUpgradeCheck = 1520;
				TargetAttributes = {
					AA95727B2BA827BE0001BBB5 = {
						CreatedOnToolsVersion = 15.2;
					};
				};
			};
			buildConfigurationList = AA9572772BA827BE0001BBB5 /* Build configuration list for PBXProject "PuzzleGame" */;
			compatibilityVersion = "Xcode 14.0";
			developmentRegion = en;
			hasScannedForEncodings = 0;
			knownRegions = (
				en,
				Base,
			);
			mainGroup = AA9572732BA827BE0001BBB5;
			productRefGroup = AA95727D2BA827BF0001BBB5 /* Products */;
			projectDirPath = "";
			projectRoot = "";
			targets = (
				AA95727B2BA827BE0001BBB5 /* PuzzleGame */,
			);
		};
/* End PBXProject section */

/* Begin PBXResourcesBuildPhase section */
		AA95727A2BA827BE0001BBB5 /* Resources */ = {
			isa = PBXResourcesBuildPhase;
			buildActionMask = 2147483647;
			files = (
				AA29AFDD2BBA091A0074B875 /* level1.txt in Resources */,
				AA9572892BA827C00001BBB5 /* Preview Assets.xcassets in Resources */,
				AA3BD4D62BB8BF610003BF48 /* sand-medium.mp3 in Resources */,
				AA9572862BA827C00001BBB5 /* Assets.xcassets in Resources */,
				AA3BD4D52BB8BF610003BF48 /* sand-short.mp3 in Resources */,
			);
			runOnlyForDeploymentPostprocessing = 0;
		};
/* End PBXResourcesBuildPhase section */

/* Begin PBXSourcesBuildPhase section */
		AA9572782BA827BE0001BBB5 /* Sources */ = {
			isa = PBXSourcesBuildPhase;
			buildActionMask = 2147483647;
			files = (
				AABE861D2BB0A7E400E7B744 /* SandView.swift in Sources */,
				AA9572822BA827BF0001BBB5 /* ContentView.swift in Sources */,
				AA29AFDF2BBA13830074B875 /* MapLoader.swift in Sources */,
				AA29AFE12BBA13AC0074B875 /* Map.swift in Sources */,
				AA9572842BA827BF0001BBB5 /* Item.swift in Sources */,
				AA5B5BBC2BAE9EA700FEC448 /* Coordinates.swift in Sources */,
				AA5B5BB62BA96C3500FEC448 /* SquareView.swift in Sources */,
				AA5B5BBA2BAE9DCC00FEC448 /* Extensions.swift in Sources */,
				AABE861B2BB0A23B00E7B744 /* SquareManager.swift in Sources */,
				AA29AFD92BB9FE670074B875 /* TimeManager.swift in Sources */,
				AABE86192BB0A0A200E7B744 /* Square.swift in Sources */,
				AA9572802BA827BF0001BBB5 /* PuzzleGameApp.swift in Sources */,
				AA1CEE102BB6A26000801892 /* SoundManager.swift in Sources */,
				AA29AFE32BBA50260074B875 /* SandManager.swift in Sources */,
				AA5B5BB82BAE967400FEC448 /* GameView.swift in Sources */,
				AA3BD4D82BB8C3C40003BF48 /* Constants.swift in Sources */,
			);
			runOnlyForDeploymentPostprocessing = 0;
		};
/* End PBXSourcesBuildPhase section */

/* Begin XCBuildConfiguration section */
		AA95728A2BA827C00001BBB5 /* Debug */ = {
			isa = XCBuildConfiguration;
			buildSettings = {
				ALWAYS_SEARCH_USER_PATHS = NO;
				ASSETCATALOG_COMPILER_GENERATE_SWIFT_ASSET_SYMBOL_EXTENSIONS = YES;
				CLANG_ANALYZER_NONNULL = YES;
				CLANG_ANALYZER_NUMBER_OBJECT_CONVERSION = YES_AGGRESSIVE;
				CLANG_CXX_LANGUAGE_STANDARD = "gnu++20";
				CLANG_ENABLE_MODULES = YES;
				CLANG_ENABLE_OBJC_ARC = YES;
				CLANG_ENABLE_OBJC_WEAK = YES;
				CLANG_WARN_BLOCK_CAPTURE_AUTORELEASING = YES;
				CLANG_WARN_BOOL_CONVERSION = YES;
				CLANG_WARN_COMMA = YES;
				CLANG_WARN_CONSTANT_CONVERSION = YES;
				CLANG_WARN_DEPRECATED_OBJC_IMPLEMENTATIONS = YES;
				CLANG_WARN_DIRECT_OBJC_ISA_USAGE = YES_ERROR;
				CLANG_WARN_DOCUMENTATION_COMMENTS = YES;
				CLANG_WARN_EMPTY_BODY = YES;
				CLANG_WARN_ENUM_CONVERSION = YES;
				CLANG_WARN_INFINITE_RECURSION = YES;
				CLANG_WARN_INT_CONVERSION = YES;
				CLANG_WARN_NON_LITERAL_NULL_CONVERSION = YES;
				CLANG_WARN_OBJC_IMPLICIT_RETAIN_SELF = YES;
				CLANG_WARN_OBJC_LITERAL_CONVERSION = YES;
				CLANG_WARN_OBJC_ROOT_CLASS = YES_ERROR;
				CLANG_WARN_QUOTED_INCLUDE_IN_FRAMEWORK_HEADER = YES;
				CLANG_WARN_RANGE_LOOP_ANALYSIS = YES;
				CLANG_WARN_STRICT_PROTOTYPES = YES;
				CLANG_WARN_SUSPICIOUS_MOVE = YES;
				CLANG_WARN_UNGUARDED_AVAILABILITY = YES_AGGRESSIVE;
				CLANG_WARN_UNREACHABLE_CODE = YES;
				CLANG_WARN__DUPLICATE_METHOD_MATCH = YES;
				COPY_PHASE_STRIP = NO;
				DEBUG_INFORMATION_FORMAT = dwarf;
				ENABLE_STRICT_OBJC_MSGSEND = YES;
				ENABLE_TESTABILITY = YES;
				ENABLE_USER_SCRIPT_SANDBOXING = YES;
				GCC_C_LANGUAGE_STANDARD = gnu17;
				GCC_DYNAMIC_NO_PIC = NO;
				GCC_NO_COMMON_BLOCKS = YES;
				GCC_OPTIMIZATION_LEVEL = 0;
				GCC_PREPROCESSOR_DEFINITIONS = (
					"DEBUG=1",
					"$(inherited)",
				);
				GCC_WARN_64_TO_32_BIT_CONVERSION = YES;
				GCC_WARN_ABOUT_RETURN_TYPE = YES_ERROR;
				GCC_WARN_UNDECLARED_SELECTOR = YES;
				GCC_WARN_UNINITIALIZED_AUTOS = YES_AGGRESSIVE;
				GCC_WARN_UNUSED_FUNCTION = YES;
				GCC_WARN_UNUSED_VARIABLE = YES;
				IPHONEOS_DEPLOYMENT_TARGET = 17.2;
				LOCALIZATION_PREFERS_STRING_CATALOGS = YES;
				MTL_ENABLE_DEBUG_INFO = INCLUDE_SOURCE;
				MTL_FAST_MATH = YES;
				ONLY_ACTIVE_ARCH = YES;
				SDKROOT = iphoneos;
				SWIFT_ACTIVE_COMPILATION_CONDITIONS = "DEBUG $(inherited)";
				SWIFT_OPTIMIZATION_LEVEL = "-Onone";
			};
			name = Debug;
		};
		AA95728B2BA827C00001BBB5 /* Release */ = {
			isa = XCBuildConfiguration;
			buildSettings = {
				ALWAYS_SEARCH_USER_PATHS = NO;
				ASSETCATALOG_COMPILER_GENERATE_SWIFT_ASSET_SYMBOL_EXTENSIONS = YES;
				CLANG_ANALYZER_NONNULL = YES;
				CLANG_ANALYZER_NUMBER_OBJECT_CONVERSION = YES_AGGRESSIVE;
				CLANG_CXX_LANGUAGE_STANDARD = "gnu++20";
				CLANG_ENABLE_MODULES = YES;
				CLANG_ENABLE_OBJC_ARC = YES;
				CLANG_ENABLE_OBJC_WEAK = YES;
				CLANG_WARN_BLOCK_CAPTURE_AUTORELEASING = YES;
				CLANG_WARN_BOOL_CONVERSION = YES;
				CLANG_WARN_COMMA = YES;
				CLANG_WARN_CONSTANT_CONVERSION = YES;
				CLANG_WARN_DEPRECATED_OBJC_IMPLEMENTATIONS = YES;
				CLANG_WARN_DIRECT_OBJC_ISA_USAGE = YES_ERROR;
				CLANG_WARN_DOCUMENTATION_COMMENTS = YES;
				CLANG_WARN_EMPTY_BODY = YES;
				CLANG_WARN_ENUM_CONVERSION = YES;
				CLANG_WARN_INFINITE_RECURSION = YES;
				CLANG_WARN_INT_CONVERSION = YES;
				CLANG_WARN_NON_LITERAL_NULL_CONVERSION = YES;
				CLANG_WARN_OBJC_IMPLICIT_RETAIN_SELF = YES;
				CLANG_WARN_OBJC_LITERAL_CONVERSION = YES;
				CLANG_WARN_OBJC_ROOT_CLASS = YES_ERROR;
				CLANG_WARN_QUOTED_INCLUDE_IN_FRAMEWORK_HEADER = YES;
				CLANG_WARN_RANGE_LOOP_ANALYSIS = YES;
				CLANG_WARN_STRICT_PROTOTYPES = YES;
				CLANG_WARN_SUSPICIOUS_MOVE = YES;
				CLANG_WARN_UNGUARDED_AVAILABILITY = YES_AGGRESSIVE;
				CLANG_WARN_UNREACHABLE_CODE = YES;
				CLANG_WARN__DUPLICATE_METHOD_MATCH = YES;
				COPY_PHASE_STRIP = NO;
				DEBUG_INFORMATION_FORMAT = "dwarf-with-dsym";
				ENABLE_NS_ASSERTIONS = NO;
				ENABLE_STRICT_OBJC_MSGSEND = YES;
				ENABLE_USER_SCRIPT_SANDBOXING = YES;
				GCC_C_LANGUAGE_STANDARD = gnu17;
				GCC_NO_COMMON_BLOCKS = YES;
				GCC_WARN_64_TO_32_BIT_CONVERSION = YES;
				GCC_WARN_ABOUT_RETURN_TYPE = YES_ERROR;
				GCC_WARN_UNDECLARED_SELECTOR = YES;
				GCC_WARN_UNINITIALIZED_AUTOS = YES_AGGRESSIVE;
				GCC_WARN_UNUSED_FUNCTION = YES;
				GCC_WARN_UNUSED_VARIABLE = YES;
				IPHONEOS_DEPLOYMENT_TARGET = 17.2;
				LOCALIZATION_PREFERS_STRING_CATALOGS = YES;
				MTL_ENABLE_DEBUG_INFO = NO;
				MTL_FAST_MATH = YES;
				SDKROOT = iphoneos;
				SWIFT_COMPILATION_MODE = wholemodule;
				VALIDATE_PRODUCT = YES;
			};
			name = Release;
		};
		AA95728D2BA827C00001BBB5 /* Debug */ = {
			isa = XCBuildConfiguration;
			buildSettings = {
				ASSETCATALOG_COMPILER_APPICON_NAME = AppIcon;
				ASSETCATALOG_COMPILER_GLOBAL_ACCENT_COLOR_NAME = AccentColor;
				CODE_SIGN_STYLE = Automatic;
				CURRENT_PROJECT_VERSION = 1;
				DEVELOPMENT_ASSET_PATHS = "\"PuzzleGame/Assets/Preview Content\"";
				DEVELOPMENT_TEAM = 79623MFXZW;
				ENABLE_PREVIEWS = YES;
				GENERATE_INFOPLIST_FILE = YES;
				INFOPLIST_KEY_UIApplicationSceneManifest_Generation = YES;
				INFOPLIST_KEY_UIApplicationSupportsIndirectInputEvents = YES;
				INFOPLIST_KEY_UILaunchScreen_Generation = YES;
				INFOPLIST_KEY_UISupportedInterfaceOrientations_iPad = "UIInterfaceOrientationPortrait UIInterfaceOrientationPortraitUpsideDown UIInterfaceOrientationLandscapeLeft UIInterfaceOrientationLandscapeRight";
				INFOPLIST_KEY_UISupportedInterfaceOrientations_iPhone = "UIInterfaceOrientationPortrait UIInterfaceOrientationLandscapeLeft UIInterfaceOrientationLandscapeRight";
				LD_RUNPATH_SEARCH_PATHS = (
					"$(inherited)",
					"@executable_path/Frameworks",
				);
				MARKETING_VERSION = 1.0;
				PRODUCT_BUNDLE_IDENTIFIER = com.jesserapoport.PuzzleGame;
				PRODUCT_NAME = "$(TARGET_NAME)";
				SWIFT_EMIT_LOC_STRINGS = YES;
				SWIFT_VERSION = 5.0;
				TARGETED_DEVICE_FAMILY = "1,2";
			};
			name = Debug;
		};
		AA95728E2BA827C00001BBB5 /* Release */ = {
			isa = XCBuildConfiguration;
			buildSettings = {
				ASSETCATALOG_COMPILER_APPICON_NAME = AppIcon;
				ASSETCATALOG_COMPILER_GLOBAL_ACCENT_COLOR_NAME = AccentColor;
				CODE_SIGN_STYLE = Automatic;
				CURRENT_PROJECT_VERSION = 1;
				DEVELOPMENT_ASSET_PATHS = "\"PuzzleGame/Assets/Preview Content\"";
				DEVELOPMENT_TEAM = 79623MFXZW;
				ENABLE_PREVIEWS = YES;
				GENERATE_INFOPLIST_FILE = YES;
				INFOPLIST_KEY_UIApplicationSceneManifest_Generation = YES;
				INFOPLIST_KEY_UIApplicationSupportsIndirectInputEvents = YES;
				INFOPLIST_KEY_UILaunchScreen_Generation = YES;
				INFOPLIST_KEY_UISupportedInterfaceOrientations_iPad = "UIInterfaceOrientationPortrait UIInterfaceOrientationPortraitUpsideDown UIInterfaceOrientationLandscapeLeft UIInterfaceOrientationLandscapeRight";
				INFOPLIST_KEY_UISupportedInterfaceOrientations_iPhone = "UIInterfaceOrientationPortrait UIInterfaceOrientationLandscapeLeft UIInterfaceOrientationLandscapeRight";
				LD_RUNPATH_SEARCH_PATHS = (
					"$(inherited)",
					"@executable_path/Frameworks",
				);
				MARKETING_VERSION = 1.0;
				PRODUCT_BUNDLE_IDENTIFIER = com.jesserapoport.PuzzleGame;
				PRODUCT_NAME = "$(TARGET_NAME)";
				SWIFT_EMIT_LOC_STRINGS = YES;
				SWIFT_VERSION = 5.0;
				TARGETED_DEVICE_FAMILY = "1,2";
			};
			name = Release;
		};
/* End XCBuildConfiguration section */

/* Begin XCConfigurationList section */
		AA9572772BA827BE0001BBB5 /* Build configuration list for PBXProject "PuzzleGame" */ = {
			isa = XCConfigurationList;
			buildConfigurations = (
				AA95728A2BA827C00001BBB5 /* Debug */,
				AA95728B2BA827C00001BBB5 /* Release */,
			);
			defaultConfigurationIsVisible = 0;
			defaultConfigurationName = Release;
		};
		AA95728C2BA827C00001BBB5 /* Build configuration list for PBXNativeTarget "PuzzleGame" */ = {
			isa = XCConfigurationList;
			buildConfigurations = (
				AA95728D2BA827C00001BBB5 /* Debug */,
				AA95728E2BA827C00001BBB5 /* Release */,
			);
			defaultConfigurationIsVisible = 0;
			defaultConfigurationName = Release;
		};
/* End XCConfigurationList section */
	};
	rootObject = AA9572742BA827BE0001BBB5 /* Project object */;
}
